{
  "name": "test-rig-orchestration-v2-proof",
  "version": "0.0.0",
  "lockfileVersion": 3,
  "requires": true,
  "packages": {
    "": {
      "name": "test-rig-orchestration-v2-proof",
      "version": "0.0.0",
      "dependencies": {
        "@effect/platform-node": "4.0.0-rc.115",
        "effect": "4.0.0-rc.115"
      }
    },
    "node_modules/@effect/platform-node": {
      "version": "4.0.0-rc.115",
      "license": "MIT",
      "dependencies": {
        "@effect/platform-node-shared": "^4.0.0-rc.115",
        "undici": "^8.10.2"
      },
      "engines": {
        "node": ">=18.0.0"
      },
      "peerDependencies": {
        "effect": "^4.0.0-rc.115",
        "redis": ">=5.0.0 <7.0.0"
      }
    },
    "node_modules/@effect/platform-node-shared": {
      "version": "4.0.0-rc.115",
      "license": "MIT",
      "dependencies": {
        "@types/ws": "^8.18.1",
        "ws": "^8.21.3"
      },
      "engines": {
        "node": ">=18.0.0"
      },
      "peerDependencies": {
        "effect": "^4.0.0-rc.115"
      }
    },
    "node_modules/@redis/bloom": {
      "version": "6.3.0",
      "license": "MIT",
      "peer": true,
      "engines": {
        "node": ">= 20.0.0"
      },
      "peerDependencies": {
        "@redis/client": "^6.3.0"
      }
    },
    "node_modules/@redis/client": {
      "version": "6.3.0",
      "license": "MIT",
      "peer": true,
      "engines": {
        "node": ">= 20.0.0"
      },
      "peerDependencies": {
        "@node-rs/xxhash": "^1.1.0",
        "@opentelemetry/api": ">=1 <2"
      },
      "peerDependenciesMeta": {
        "@node-rs/xxhash": {
          "optional": true
        },
        "@opentelemetry/api": {
          "optional": true
        }
      }
    },
    "node_modules/@redis/json": {
      "version": "6.3.0",
      "license": "MIT",
      "peer": true,
      "engines": {
        "node": ">= 20.0.0"
      },
      "peerDependencies": {
        "@redis/client": "^6.3.0"
      }
    },
    "node_modules/@redis/search": {
      "version": "6.3.0",
      "license": "MIT",
      "peer": true,
      "engines": {
        "node": ">= 20.0.0"
      },
      "peerDependencies": {
        "@redis/client": "^6.3.0"
      }
    },
    "node_modules/@redis/time-series": {
      "version": "6.3.0",
      "license": "MIT",
      "peer": true,
      "engines": {
        "node": ">= 20.0.0"
      },
      "peerDependencies": {
        "@redis/client": "^6.3.0"
      }
    },
    "node_modules/@types/node": {
      "version": "26.6.4",
      "license": "MIT",
      "dependencies": {
        "undici-types": "~8.9.0"
      }
    },
    "node_modules/@types/ws": {
      "version": "8.18.2",
      "license": "MIT",
      "dependencies": {
        "@types/node": "*"
      }
    },
    "node_modules/effect": {
      "version": "4.0.0-rc.115",
      "license": "MIT"
    },
    "node_modules/redis": {
      "version": "6.3.0",
      "license": "MIT",
      "peer": true,
      "dependencies": {
        "@redis/bloom": "6.3.0",
        "@redis/client": "6.3.0",
        "@redis/json": "6.3.0",
        "@redis/search": "6.3.0",
        "@redis/time-series": "6.3.0"
      },
      "engines": {
        "node": ">= 20.0.0"
      }
    },
    "node_modules/undici": {
      "version": "8.11.2",
      "license": "MIT",
      "engines": {
        "node": ">=22.19.0"
      }
    },
    "node_modules/undici-types": {
      "version": "8.9.0",
      "license": "MIT"
    },
    "node_modules/ws": {
      "version": "8.22.0",
      "license": "MIT",
      "engines": {
        "node": ">=10.0.0"
      },
      "peerDependencies": {
        "bufferutil": "^4.0.1",
        "utf-8-validate": ">=5.0.2"
      },
      "peerDependenciesMeta": {
        "bufferutil": {
          "optional": true
        },
        "utf-8-validate": {
          "optional": true
        }
      }
    }
  }
}
